
Microsoft Visual Studio Solution File, Format Version 12.00
# Visual Studio Version 16
VisualStudioVersion = 25.0.1704.4
MinimumVisualStudioVersion = 10.0.40219.1
Project("{FAE04EC0-301F-11D3-BF4B-00C04F79EFBC}") = "WebAPIClient", "WebAPIClient.csproj", "{6E5B221A-3D99-4AB2-9789-7FE9E96153F5}"
EndProject
Global
	GlobalSection(SolutionConfigurationPlatforms) = preSolution
		Debug|Any CPU = Debug|Any CPU
		Release|Any CPU = Release|Any CPU
	EndGlobalSection
	GlobalSection(ProjectConfigurationPlatforms) = postSolution
		{6E5B221A-3D99-4AB2-9789-7FE9E96153F5}.Debug|Any CPU.ActiveCfg = Debug|Any CPU
		{6E5B221A-3D99-4AB2-9789-7FE9E96153F5}.Debug|Any CPU.Build.0 = Debug|Any CPU
		{6E5B221A-3D99-4AB2-9789-7FE9E96153F5}.Release|Any CPU.ActiveCfg = Release|Any CPU
		{6E5B221A-3D99-4AB2-9789-7FE9E96153F5}.Release|Any CPU.Build.0 = Release|Any CPU
	EndGlobalSection
	GlobalSection(SolutionProperties) = preSolution
		HideSolutionNode = FALSE
	EndGlobalSection
	GlobalSection(ExtensibilityGlobals) = postSolution
		SolutionGuid = {D83031BC-B293-4B3C-9343-4DE807426BB1}
	EndGlobalSection
EndGlobal
